
Microsoft Visual Studio Solution File, Format Version 12.00
# Visual Studio 2012
Project("{FAE04EC0-301F-11D3-BF4B-00C04F79EFBC}") = "NokiaImageSdkTutorial", "NokiaImageSdkTutorial\NokiaImageSdkTutorial.csproj", "{735178ED-9012-40F9-9DAA-02F1DCDAEFBE}"
EndProject
Global
	GlobalSection(SolutionConfigurationPlatforms) = preSolution
		Debug|Any CPU = Debug|Any CPU
		Debug|ARM = Debug|ARM
		Debug|x86 = Debug|x86
		Release|Any CPU = Release|Any CPU
		Release|ARM = Release|ARM
		Release|x86 = Release|x86
	EndGlobalSection
	GlobalSection(ProjectConfigurationPlatforms) = postSolution
		{735178ED-9012-40F9-9DAA-02F1DCDAEFBE}.Debug|Any CPU.ActiveCfg = Debug|Any CPU
		{735178ED-9012-40F9-9DAA-02F1DCDAEFBE}.Debug|Any CPU.Build.0 = Debug|Any CPU
		{735178ED-9012-40F9-9DAA-02F1DCDAEFBE}.Debug|Any CPU.Deploy.0 = Debug|Any CPU
		{735178ED-9012-40F9-9DAA-02F1DCDAEFBE}.Debug|ARM.ActiveCfg = Debug|ARM
		{735178ED-9012-40F9-9DAA-02F1DCDAEFBE}.Debug|ARM.Build.0 = Debug|ARM
		{735178ED-9012-40F9-9DAA-02F1DCDAEFBE}.Debug|ARM.Deploy.0 = Debug|ARM
		{735178ED-9012-40F9-9DAA-02F1DCDAEFBE}.Debug|x86.ActiveCfg = Debug|x86
		{735178ED-9012-40F9-9DAA-02F1DCDAEFBE}.Debug|x86.Build.0 = Debug|x86
		{735178ED-9012-40F9-9DAA-02F1DCDAEFBE}.Debug|x86.Deploy.0 = Debug|x86
		{735178ED-9012-40F9-9DAA-02F1DCDAEFBE}.Release|Any CPU.ActiveCfg = Release|Any CPU
		{735178ED-9012-40F9-9DAA-02F1DCDAEFBE}.Release|Any CPU.Build.0 = Release|Any CPU
		{735178ED-9012-40F9-9DAA-02F1DCDAEFBE}.Release|Any CPU.Deploy.0 = Release|Any CPU
		{735178ED-9012-40F9-9DAA-02F1DCDAEFBE}.Release|ARM.ActiveCfg = Release|ARM
		{735178ED-9012-40F9-9DAA-02F1DCDAEFBE}.Release|ARM.Build.0 = Release|ARM
		{735178ED-9012-40F9-9DAA-02F1DCDAEFBE}.Release|ARM.Deploy.0 = Release|ARM
		{735178ED-9012-40F9-9DAA-02F1DCDAEFBE}.Release|x86.ActiveCfg = Release|x86
		{735178ED-9012-40F9-9DAA-02F1DCDAEFBE}.Release|x86.Build.0 = Release|x86
		{735178ED-9012-40F9-9DAA-02F1DCDAEFBE}.Release|x86.Deploy.0 = Release|x86
	EndGlobalSection
	GlobalSection(SolutionProperties) = preSolution
		HideSolutionNode = FALSE
	EndGlobalSection
EndGlobal
